---
lockVersion: 1.0.0
dependencies:
  codeql/dataflow:
    version: 0.2.4
  codeql/mad:
    version: 0.2.13
  codeql/python-all:
    version: 0.11.13
  codeql/regex:
    version: 0.2.13
  codeql/ssa:
    version: 0.2.13
  codeql/tutorial:
    version: 0.2.13
  codeql/typetracking:
    version: 0.2.13
  codeql/util:
    version: 0.2.13
  codeql/yaml:
    version: 0.2.13
compiled: false
